Microsoft Visual Studio Solution File, Format Version 12.00
# Visual Studio Version 17
VisualStudioVersion = 17.5.2.0
MinimumVisualStudioVersion = 10.0.40219.1
Project("{FAE04EC0-301F-11D3-BF4B-00C04F79EFBC}") = "Ai-FitnessAssistant", "Ai-FitnessAssistant.csproj", "{3EEAEF47-976B-AFF0-AF61-083D6F96B8A6}"
EndProject
Project("{FAE04EC0-301F-11D3-BF4B-00C04F79EFBC}") = "Ai_FitnessAssistant.Infrastructure", "..\Ai_FitnessAssistant.Infrastructure\Ai_FitnessAssistant.Infrastructure.csproj", "{B0CCC2B8-DEA3-43F9-8B81-64F496AF09F2}"
EndProject
Global
	GlobalSection(SolutionConfigurationPlatforms) = preSolution
		Debug|Any CPU = Debug|Any CPU
		Release|Any CPU = Release|Any CPU
	EndGlobalSection
	GlobalSection(ProjectConfigurationPlatforms) = postSolution
		{3EEAEF47-976B-AFF0-AF61-083D6F96B8A6}.Debug|Any CPU.ActiveCfg = Debug|Any CPU
		{3EEAEF47-976B-AFF0-AF61-083D6F96B8A6}.Debug|Any CPU.Build.0 = Debug|Any CPU
		{3EEAEF47-976B-AFF0-AF61-083D6F96B8A6}.Release|Any CPU.ActiveCfg = Release|Any CPU
		{3EEAEF47-976B-AFF0-AF61-083D6F96B8A6}.Release|Any CPU.Build.0 = Release|Any CPU
		{B0CCC2B8-DEA3-43F9-8B81-64F496AF09F2}.Debug|Any CPU.ActiveCfg = Debug|Any CPU
		{B0CCC2B8-DEA3-43F9-8B81-64F496AF09F2}.Debug|Any CPU.Build.0 = Debug|Any CPU
		{B0CCC2B8-DEA3-43F9-8B81-64F496AF09F2}.Release|Any CPU.ActiveCfg = Release|Any CPU
		{B0CCC2B8-DEA3-43F9-8B81-64F496AF09F2}.Release|Any CPU.Build.0 = Release|Any CPU
	EndGlobalSection
	GlobalSection(SolutionProperties) = preSolution
		HideSolutionNode = FALSE
	EndGlobalSection
	GlobalSection(ExtensibilityGlobals) = postSolution
		SolutionGuid = {FF73E3D1-3B44-4092-AB60-943088C28C36}
	EndGlobalSection
EndGlobal
